
Microsoft Visual Studio Solution File, Format Version 12.00
# Visual Studio Version 17
VisualStudioVersion = 17.9.34616.47
MinimumVisualStudioVersion = 10.0.40219.1
Project("{FAE04EC0-301F-11D3-BF4B-00C04F79EFBC}") = "Pomodoro Timer App", "Pomodoro Timer App\Pomodoro Timer App.csproj", "{F5B969F0-9C23-4AB8-98F5-25598DA8E445}"
EndProject
Global
	GlobalSection(SolutionConfigurationPlatforms) = preSolution
		Debug|Any CPU = Debug|Any CPU
		Release|Any CPU = Release|Any CPU
	EndGlobalSection
	GlobalSection(ProjectConfigurationPlatforms) = postSolution
		{F5B969F0-9C23-4AB8-98F5-25598DA8E445}.Debug|Any CPU.ActiveCfg = Debug|Any CPU
		{F5B969F0-9C23-4AB8-98F5-25598DA8E445}.Debug|Any CPU.Build.0 = Debug|Any CPU
		{F5B969F0-9C23-4AB8-98F5-25598DA8E445}.Release|Any CPU.ActiveCfg = Release|Any CPU
		{F5B969F0-9C23-4AB8-98F5-25598DA8E445}.Release|Any CPU.Build.0 = Release|Any CPU
	EndGlobalSection
	GlobalSection(SolutionProperties) = preSolution
		HideSolutionNode = FALSE
	EndGlobalSection
	GlobalSection(ExtensibilityGlobals) = postSolution
		SolutionGuid = {6E4C4D12-5472-476E-92B0-643BF973B6FC}
	EndGlobalSection
EndGlobal
